
Microsoft Visual Studio Solution File, Format Version 10.00
# Visual Studio 2008
Project("{8BC9CEB8-8B4A-11D0-8D11-00A0C91BC942}") = "Flipper", "Flipper\Flipper.vcproj", "{C687CA3E-6FC1-40E6-A07D-1BBE9BE1E948}"
EndProject
Project("{8BC9CEB8-8B4A-11D0-8D11-00A0C91BC942}") = "FlipperPlugins", "FlipperPlugins\FlipperPlugins.vcproj", "{D13AA0E8-30DC-4346-B8C2-6566E2643BE4}"
EndProject
Project("{B900F1C2-3D47-4FEC-85B3-04AAF18C3634}") = "FlipperCab", "FlipperCAb\FlipperCAb.vddproj", "{C0A4F2B4-F3BF-4F7C-9339-F900523FEF03}"
EndProject
Project("{8BC9CEB8-8B4A-11D0-8D11-00A0C91BC942}") = "FlipperSetup", "FlipperSetup\FlipperSetup.vcproj", "{9BA97A80-5BFE-429D-B519-A1C4755B7161}"
EndProject
Project("{8BC9CEB8-8B4A-11D0-8D11-00A0C91BC942}") = "FlipperConfig", "FlipperConfig\FlipperConfig.vcproj", "{C3288F93-9138-44B1-BB6A-5202B3BE575F}"
EndProject
Project("{8BC9CEB8-8B4A-11D0-8D11-00A0C91BC942}") = "FlipperUtils", "FlipperUtils\FlipperUtils.vcproj", "{AD3D41CF-4A41-440B-9990-DB78D040667C}"
EndProject
Project("{8BC9CEB8-8B4A-11D0-8D11-00A0C91BC942}") = "LibGDIPlus", "LibGDIPlusCE\build\vc200x-ce\LibGDIPlus.vcproj", "{9359E325-B6B9-49C8-BB88-EA66574F3584}"
EndProject
Global
	GlobalSection(SolutionConfigurationPlatforms) = preSolution
		Debug|Any CPU = Debug|Any CPU
		Debug|Mixed Platforms = Debug|Mixed Platforms
		Debug|Windows Mobile 5.0 Pocket PC SDK (ARMV4I) = Debug|Windows Mobile 5.0 Pocket PC SDK (ARMV4I)
		Debug|Windows Mobile 5.0 Smartphone SDK (ARMV4I) = Debug|Windows Mobile 5.0 Smartphone SDK (ARMV4I)
		Debug|Windows Mobile 6 Professional SDK (ARMV4I) = Debug|Windows Mobile 6 Professional SDK (ARMV4I)
		Debug|Windows Mobile 6 Standard SDK (ARMV4I) = Debug|Windows Mobile 6 Standard SDK (ARMV4I)
		Demo|Any CPU = Demo|Any CPU
		Demo|Mixed Platforms = Demo|Mixed Platforms
		Demo|Windows Mobile 5.0 Pocket PC SDK (ARMV4I) = Demo|Windows Mobile 5.0 Pocket PC SDK (ARMV4I)
		Demo|Windows Mobile 5.0 Smartphone SDK (ARMV4I) = Demo|Windows Mobile 5.0 Smartphone SDK (ARMV4I)
		Demo|Windows Mobile 6 Professional SDK (ARMV4I) = Demo|Windows Mobile 6 Professional SDK (ARMV4I)
		Demo|Windows Mobile 6 Standard SDK (ARMV4I) = Demo|Windows Mobile 6 Standard SDK (ARMV4I)
		Marketplace|Any CPU = Marketplace|Any CPU
		Marketplace|Mixed Platforms = Marketplace|Mixed Platforms
		Marketplace|Windows Mobile 5.0 Pocket PC SDK (ARMV4I) = Marketplace|Windows Mobile 5.0 Pocket PC SDK (ARMV4I)
		Marketplace|Windows Mobile 5.0 Smartphone SDK (ARMV4I) = Marketplace|Windows Mobile 5.0 Smartphone SDK (ARMV4I)
		Marketplace|Windows Mobile 6 Professional SDK (ARMV4I) = Marketplace|Windows Mobile 6 Professional SDK (ARMV4I)
		Marketplace|Windows Mobile 6 Standard SDK (ARMV4I) = Marketplace|Windows Mobile 6 Standard SDK (ARMV4I)
		Release|Any CPU = Release|Any CPU
		Release|Mixed Platforms = Release|Mixed Platforms
		Release|Windows Mobile 5.0 Pocket PC SDK (ARMV4I) = Release|Windows Mobile 5.0 Pocket PC SDK (ARMV4I)
		Release|Windows Mobile 5.0 Smartphone SDK (ARMV4I) = Release|Windows Mobile 5.0 Smartphone SDK (ARMV4I)
		Release|Windows Mobile 6 Professional SDK (ARMV4I) = Release|Windows Mobile 6 Professional SDK (ARMV4I)
		Release|Windows Mobile 6 Standard SDK (ARMV4I) = Release|Windows Mobile 6 Standard SDK (ARMV4I)
	EndGlobalSection
	GlobalSection(ProjectConfigurationPlatforms) = postSolution
		{C687CA3E-6FC1-40E6-A07D-1BBE9BE1E948}.Debug|Any CPU.ActiveCfg = Debug|Windows Mobile 6 Professional SDK (ARMV4I)
		{C687CA3E-6FC1-40E6-A07D-1BBE9BE1E948}.Debug|Mixed Platforms.ActiveCfg = Debug|Windows Mobile 6 Professional SDK (ARMV4I)
		{C687CA3E-6FC1-40E6-A07D-1BBE9BE1E948}.Debug|Mixed Platforms.Build.0 = Debug|Windows Mobile 6 Professional SDK (ARMV4I)
		{C687CA3E-6FC1-40E6-A07D-1BBE9BE1E948}.Debug|Mixed Platforms.Deploy.0 = Debug|Windows Mobile 6 Professional SDK (ARMV4I)
		{C687CA3E-6FC1-40E6-A07D-1BBE9BE1E948}.Debug|Windows Mobile 5.0 Pocket PC SDK (ARMV4I).ActiveCfg = Debug|Windows Mobile 6 Standard SDK (ARMV4I)
		{C687CA3E-6FC1-40E6-A07D-1BBE9BE1E948}.Debug|Windows Mobile 5.0 Smartphone SDK (ARMV4I).ActiveCfg = Debug|Windows Mobile 6 Standard SDK (ARMV4I)
		{C687CA3E-6FC1-40E6-A07D-1BBE9BE1E948}.Debug|Windows Mobile 6 Professional SDK (ARMV4I).ActiveCfg = Debug|Windows Mobile 6 Professional SDK (ARMV4I)
		{C687CA3E-6FC1-40E6-A07D-1BBE9BE1E948}.Debug|Windows Mobile 6 Professional SDK (ARMV4I).Build.0 = Debug|Windows Mobile 6 Professional SDK (ARMV4I)
		{C687CA3E-6FC1-40E6-A07D-1BBE9BE1E948}.Debug|Windows Mobile 6 Professional SDK (ARMV4I).Deploy.0 = Debug|Windows Mobile 6 Professional SDK (ARMV4I)
		{C687CA3E-6FC1-40E6-A07D-1BBE9BE1E948}.Debug|Windows Mobile 6 Standard SDK (ARMV4I).ActiveCfg = Debug|Windows Mobile 6 Standard SDK (ARMV4I)
		{C687CA3E-6FC1-40E6-A07D-1BBE9BE1E948}.Debug|Windows Mobile 6 Standard SDK (ARMV4I).Build.0 = Debug|Windows Mobile 6 Standard SDK (ARMV4I)
		{C687CA3E-6FC1-40E6-A07D-1BBE9BE1E948}.Debug|Windows Mobile 6 Standard SDK (ARMV4I).Deploy.0 = Debug|Windows Mobile 6 Standard SDK (ARMV4I)
		{C687CA3E-6FC1-40E6-A07D-1BBE9BE1E948}.Demo|Any CPU.ActiveCfg = Demo|Windows Mobile 6 Professional SDK (ARMV4I)
		{C687CA3E-6FC1-40E6-A07D-1BBE9BE1E948}.Demo|Mixed Platforms.ActiveCfg = Demo|Windows Mobile 6 Professional SDK (ARMV4I)
		{C687CA3E-6FC1-40E6-A07D-1BBE9BE1E948}.Demo|Mixed Platforms.Build.0 = Demo|Windows Mobile 6 Professional SDK (ARMV4I)
		{C687CA3E-6FC1-40E6-A07D-1BBE9BE1E948}.Demo|Mixed Platforms.Deploy.0 = Demo|Windows Mobile 6 Professional SDK (ARMV4I)
		{C687CA3E-6FC1-40E6-A07D-1BBE9BE1E948}.Demo|Windows Mobile 5.0 Pocket PC SDK (ARMV4I).ActiveCfg = Demo|Windows Mobile 6 Standard SDK (ARMV4I)
		{C687CA3E-6FC1-40E6-A07D-1BBE9BE1E948}.Demo|Windows Mobile 5.0 Smartphone SDK (ARMV4I).ActiveCfg = Demo|Windows Mobile 6 Standard SDK (ARMV4I)
		{C687CA3E-6FC1-40E6-A07D-1BBE9BE1E948}.Demo|Windows Mobile 6 Professional SDK (ARMV4I).ActiveCfg = Demo|Windows Mobile 6 Professional SDK (ARMV4I)
		{C687CA3E-6FC1-40E6-A07D-1BBE9BE1E948}.Demo|Windows Mobile 6 Professional SDK (ARMV4I).Build.0 = Demo|Windows Mobile 6 Professional SDK (ARMV4I)
		{C687CA3E-6FC1-40E6-A07D-1BBE9BE1E948}.Demo|Windows Mobile 6 Professional SDK (ARMV4I).Deploy.0 = Demo|Windows Mobile 6 Professional SDK (ARMV4I)
		{C687CA3E-6FC1-40E6-A07D-1BBE9BE1E948}.Demo|Windows Mobile 6 Standard SDK (ARMV4I).ActiveCfg = Demo|Windows Mobile 6 Standard SDK (ARMV4I)
		{C687CA3E-6FC1-40E6-A07D-1BBE9BE1E948}.Demo|Windows Mobile 6 Standard SDK (ARMV4I).Build.0 = Demo|Windows Mobile 6 Standard SDK (ARMV4I)
		{C687CA3E-6FC1-40E6-A07D-1BBE9BE1E948}.Demo|Windows Mobile 6 Standard SDK (ARMV4I).Deploy.0 = Demo|Windows Mobile 6 Standard SDK (ARMV4I)
		{C687CA3E-6FC1-40E6-A07D-1BBE9BE1E948}.Marketplace|Any CPU.ActiveCfg = Marketplace|Windows Mobile 6 Standard SDK (ARMV4I)
		{C687CA3E-6FC1-40E6-A07D-1BBE9BE1E948}.Marketplace|Mixed Platforms.ActiveCfg = Marketplace|Windows Mobile 6 Standard SDK (ARMV4I)
		{C687CA3E-6FC1-40E6-A07D-1BBE9BE1E948}.Marketplace|Mixed Platforms.Build.0 = Marketplace|Windows Mobile 6 Standard SDK (ARMV4I)
		{C687CA3E-6FC1-40E6-A07D-1BBE9BE1E948}.Marketplace|Mixed Platforms.Deploy.0 = Marketplace|Windows Mobile 6 Standard SDK (ARMV4I)
		{C687CA3E-6FC1-40E6-A07D-1BBE9BE1E948}.Marketplace|Windows Mobile 5.0 Pocket PC SDK (ARMV4I).ActiveCfg = Marketplace|Windows Mobile 6 Standard SDK (ARMV4I)
		{C687CA3E-6FC1-40E6-A07D-1BBE9BE1E948}.Marketplace|Windows Mobile 5.0 Smartphone SDK (ARMV4I).ActiveCfg = Marketplace|Windows Mobile 6 Standard SDK (ARMV4I)
		{C687CA3E-6FC1-40E6-A07D-1BBE9BE1E948}.Marketplace|Windows Mobile 6 Professional SDK (ARMV4I).ActiveCfg = Marketplace|Windows Mobile 6 Professional SDK (ARMV4I)
		{C687CA3E-6FC1-40E6-A07D-1BBE9BE1E948}.Marketplace|Windows Mobile 6 Professional SDK (ARMV4I).Build.0 = Marketplace|Windows Mobile 6 Professional SDK (ARMV4I)
		{C687CA3E-6FC1-40E6-A07D-1BBE9BE1E948}.Marketplace|Windows Mobile 6 Professional SDK (ARMV4I).Deploy.0 = Marketplace|Windows Mobile 6 Professional SDK (ARMV4I)
		{C687CA3E-6FC1-40E6-A07D-1BBE9BE1E948}.Marketplace|Windows Mobile 6 Standard SDK (ARMV4I).ActiveCfg = Marketplace|Windows Mobile 6 Standard SDK (ARMV4I)
		{C687CA3E-6FC1-40E6-A07D-1BBE9BE1E948}.Marketplace|Windows Mobile 6 Standard SDK (ARMV4I).Build.0 = Marketplace|Windows Mobile 6 Standard SDK (ARMV4I)
		{C687CA3E-6FC1-40E6-A07D-1BBE9BE1E948}.Marketplace|Windows Mobile 6 Standard SDK (ARMV4I).Deploy.0 = Marketplace|Windows Mobile 6 Standard SDK (ARMV4I)
		{C687CA3E-6FC1-40E6-A07D-1BBE9BE1E948}.Release|Any CPU.ActiveCfg = Release|Windows Mobile 6 Professional SDK (ARMV4I)
		{C687CA3E-6FC1-40E6-A07D-1BBE9BE1E948}.Release|Mixed Platforms.ActiveCfg = Release|Windows Mobile 6 Professional SDK (ARMV4I)
		{C687CA3E-6FC1-40E6-A07D-1BBE9BE1E948}.Release|Mixed Platforms.Build.0 = Release|Windows Mobile 6 Professional SDK (ARMV4I)
		{C687CA3E-6FC1-40E6-A07D-1BBE9BE1E948}.Release|Mixed Platforms.Deploy.0 = Release|Windows Mobile 6 Professional SDK (ARMV4I)
		{C687CA3E-6FC1-40E6-A07D-1BBE9BE1E948}.Release|Windows Mobile 5.0 Pocket PC SDK (ARMV4I).ActiveCfg = Release|Windows Mobile 6 Standard SDK (ARMV4I)
		{C687CA3E-6FC1-40E6-A07D-1BBE9BE1E948}.Release|Windows Mobile 5.0 Smartphone SDK (ARMV4I).ActiveCfg = Release|Windows Mobile 6 Standard SDK (ARMV4I)
		{C687CA3E-6FC1-40E6-A07D-1BBE9BE1E948}.Release|Windows Mobile 6 Professional SDK (ARMV4I).ActiveCfg = Release|Windows Mobile 6 Professional SDK (ARMV4I)
		{C687CA3E-6FC1-40E6-A07D-1BBE9BE1E948}.Release|Windows Mobile 6 Professional SDK (ARMV4I).Build.0 = Release|Windows Mobile 6 Professional SDK (ARMV4I)
		{C687CA3E-6FC1-40E6-A07D-1BBE9BE1E948}.Release|Windows Mobile 6 Professional SDK (ARMV4I).Deploy.0 = Release|Windows Mobile 6 Professional SDK (ARMV4I)
		{C687CA3E-6FC1-40E6-A07D-1BBE9BE1E948}.Release|Windows Mobile 6 Standard SDK (ARMV4I).ActiveCfg = Release|Windows Mobile 6 Standard SDK (ARMV4I)
		{C687CA3E-6FC1-40E6-A07D-1BBE9BE1E948}.Release|Windows Mobile 6 Standard SDK (ARMV4I).Build.0 = Release|Windows Mobile 6 Standard SDK (ARMV4I)
		{C687CA3E-6FC1-40E6-A07D-1BBE9BE1E948}.Release|Windows Mobile 6 Standard SDK (ARMV4I).Deploy.0 = Release|Windows Mobile 6 Standard SDK (ARMV4I)
		{D13AA0E8-30DC-4346-B8C2-6566E2643BE4}.Debug|Any CPU.ActiveCfg = Debug|Windows Mobile 6 Professional SDK (ARMV4I)
		{D13AA0E8-30DC-4346-B8C2-6566E2643BE4}.Debug|Mixed Platforms.ActiveCfg = Debug|Windows Mobile 6 Professional SDK (ARMV4I)
		{D13AA0E8-30DC-4346-B8C2-6566E2643BE4}.Debug|Mixed Platforms.Build.0 = Debug|Windows Mobile 6 Professional SDK (ARMV4I)
		{D13AA0E8-30DC-4346-B8C2-6566E2643BE4}.Debug|Mixed Platforms.Deploy.0 = Debug|Windows Mobile 6 Professional SDK (ARMV4I)
		{D13AA0E8-30DC-4346-B8C2-6566E2643BE4}.Debug|Windows Mobile 5.0 Pocket PC SDK (ARMV4I).ActiveCfg = Debug|Windows Mobile 6 Professional SDK (ARMV4I)
		{D13AA0E8-30DC-4346-B8C2-6566E2643BE4}.Debug|Windows Mobile 5.0 Smartphone SDK (ARMV4I).ActiveCfg = Debug|Windows Mobile 6 Professional SDK (ARMV4I)
		{D13AA0E8-30DC-4346-B8C2-6566E2643BE4}.Debug|Windows Mobile 6 Professional SDK (ARMV4I).ActiveCfg = Debug|Windows Mobile 6 Professional SDK (ARMV4I)
		{D13AA0E8-30DC-4346-B8C2-6566E2643BE4}.Debug|Windows Mobile 6 Professional SDK (ARMV4I).Build.0 = Debug|Windows Mobile 6 Professional SDK (ARMV4I)
		{D13AA0E8-30DC-4346-B8C2-6566E2643BE4}.Debug|Windows Mobile 6 Professional SDK (ARMV4I).Deploy.0 = Debug|Windows Mobile 6 Professional SDK (ARMV4I)
		{D13AA0E8-30DC-4346-B8C2-6566E2643BE4}.Debug|Windows Mobile 6 Standard SDK (ARMV4I).ActiveCfg = Debug|Windows Mobile 6 Professional SDK (ARMV4I)
		{D13AA0E8-30DC-4346-B8C2-6566E2643BE4}.Demo|Any CPU.ActiveCfg = Debug|Windows Mobile 6 Professional SDK (ARMV4I)
		{D13AA0E8-30DC-4346-B8C2-6566E2643BE4}.Demo|Mixed Platforms.ActiveCfg = Debug|Windows Mobile 6 Professional SDK (ARMV4I)
		{D13AA0E8-30DC-4346-B8C2-6566E2643BE4}.Demo|Mixed Platforms.Build.0 = Debug|Windows Mobile 6 Professional SDK (ARMV4I)
		{D13AA0E8-30DC-4346-B8C2-6566E2643BE4}.Demo|Mixed Platforms.Deploy.0 = Debug|Windows Mobile 6 Professional SDK (ARMV4I)
		{D13AA0E8-30DC-4346-B8C2-6566E2643BE4}.Demo|Windows Mobile 5.0 Pocket PC SDK (ARMV4I).ActiveCfg = Debug|Windows Mobile 6 Professional SDK (ARMV4I)
		{D13AA0E8-30DC-4346-B8C2-6566E2643BE4}.Demo|Windows Mobile 5.0 Smartphone SDK (ARMV4I).ActiveCfg = Debug|Windows Mobile 6 Professional SDK (ARMV4I)
		{D13AA0E8-30DC-4346-B8C2-6566E2643BE4}.Demo|Windows Mobile 6 Professional SDK (ARMV4I).ActiveCfg = Debug|Windows Mobile 6 Professional SDK (ARMV4I)
		{D13AA0E8-30DC-4346-B8C2-6566E2643BE4}.Demo|Windows Mobile 6 Professional SDK (ARMV4I).Build.0 = Debug|Windows Mobile 6 Professional SDK (ARMV4I)
		{D13AA0E8-30DC-4346-B8C2-6566E2643BE4}.Demo|Windows Mobile 6 Professional SDK (ARMV4I).Deploy.0 = Debug|Windows Mobile 6 Professional SDK (ARMV4I)
		{D13AA0E8-30DC-4346-B8C2-6566E2643BE4}.Demo|Windows Mobile 6 Standard SDK (ARMV4I).ActiveCfg = Debug|Windows Mobile 6 Professional SDK (ARMV4I)
		{D13AA0E8-30DC-4346-B8C2-6566E2643BE4}.Marketplace|Any CPU.ActiveCfg = Marketplace|Windows Mobile 6 Professional SDK (ARMV4I)
		{D13AA0E8-30DC-4346-B8C2-6566E2643BE4}.Marketplace|Mixed Platforms.ActiveCfg = Marketplace|Windows Mobile 6 Professional SDK (ARMV4I)
		{D13AA0E8-30DC-4346-B8C2-6566E2643BE4}.Marketplace|Mixed Platforms.Build.0 = Marketplace|Windows Mobile 6 Professional SDK (ARMV4I)
		{D13AA0E8-30DC-4346-B8C2-6566E2643BE4}.Marketplace|Mixed Platforms.Deploy.0 = Marketplace|Windows Mobile 6 Professional SDK (ARMV4I)
		{D13AA0E8-30DC-4346-B8C2-6566E2643BE4}.Marketplace|Windows Mobile 5.0 Pocket PC SDK (ARMV4I).ActiveCfg = Marketplace|Windows Mobile 6 Professional SDK (ARMV4I)
		{D13AA0E8-30DC-4346-B8C2-6566E2643BE4}.Marketplace|Windows Mobile 5.0 Smartphone SDK (ARMV4I).ActiveCfg = Marketplace|Windows Mobile 6 Professional SDK (ARMV4I)
		{D13AA0E8-30DC-4346-B8C2-6566E2643BE4}.Marketplace|Windows Mobile 6 Professional SDK (ARMV4I).ActiveCfg = Marketplace|Windows Mobile 6 Professional SDK (ARMV4I)
		{D13AA0E8-30DC-4346-B8C2-6566E2643BE4}.Marketplace|Windows Mobile 6 Professional SDK (ARMV4I).Build.0 = Marketplace|Windows Mobile 6 Professional SDK (ARMV4I)
		{D13AA0E8-30DC-4346-B8C2-6566E2643BE4}.Marketplace|Windows Mobile 6 Professional SDK (ARMV4I).Deploy.0 = Marketplace|Windows Mobile 6 Professional SDK (ARMV4I)
		{D13AA0E8-30DC-4346-B8C2-6566E2643BE4}.Marketplace|Windows Mobile 6 Standard SDK (ARMV4I).ActiveCfg = Marketplace|Windows Mobile 6 Professional SDK (ARMV4I)
		{D13AA0E8-30DC-4346-B8C2-6566E2643BE4}.Release|Any CPU.ActiveCfg = Release|Windows Mobile 6 Professional SDK (ARMV4I)
		{D13AA0E8-30DC-4346-B8C2-6566E2643BE4}.Release|Mixed Platforms.ActiveCfg = Release|Windows Mobile 6 Professional SDK (ARMV4I)
		{D13AA0E8-30DC-4346-B8C2-6566E2643BE4}.Release|Mixed Platforms.Build.0 = Release|Windows Mobile 6 Professional SDK (ARMV4I)
		{D13AA0E8-30DC-4346-B8C2-6566E2643BE4}.Release|Mixed Platforms.Deploy.0 = Release|Windows Mobile 6 Professional SDK (ARMV4I)
		{D13AA0E8-30DC-4346-B8C2-6566E2643BE4}.Release|Windows Mobile 5.0 Pocket PC SDK (ARMV4I).ActiveCfg = Release|Windows Mobile 6 Professional SDK (ARMV4I)
		{D13AA0E8-30DC-4346-B8C2-6566E2643BE4}.Release|Windows Mobile 5.0 Smartphone SDK (ARMV4I).ActiveCfg = Release|Windows Mobile 6 Professional SDK (ARMV4I)
		{D13AA0E8-30DC-4346-B8C2-6566E2643BE4}.Release|Windows Mobile 6 Professional SDK (ARMV4I).ActiveCfg = Release|Windows Mobile 6 Professional SDK (ARMV4I)
		{D13AA0E8-30DC-4346-B8C2-6566E2643BE4}.Release|Windows Mobile 6 Professional SDK (ARMV4I).Build.0 = Release|Windows Mobile 6 Professional SDK (ARMV4I)
		{D13AA0E8-30DC-4346-B8C2-6566E2643BE4}.Release|Windows Mobile 6 Professional SDK (ARMV4I).Deploy.0 = Release|Windows Mobile 6 Professional SDK (ARMV4I)
		{D13AA0E8-30DC-4346-B8C2-6566E2643BE4}.Release|Windows Mobile 6 Standard SDK (ARMV4I).ActiveCfg = Release|Windows Mobile 6 Professional SDK (ARMV4I)
		{C0A4F2B4-F3BF-4F7C-9339-F900523FEF03}.Debug|Any CPU.ActiveCfg = Debug
		{C0A4F2B4-F3BF-4F7C-9339-F900523FEF03}.Debug|Any CPU.Build.0 = Debug
		{C0A4F2B4-F3BF-4F7C-9339-F900523FEF03}.Debug|Mixed Platforms.ActiveCfg = Debug
		{C0A4F2B4-F3BF-4F7C-9339-F900523FEF03}.Debug|Mixed Platforms.Build.0 = Debug
		{C0A4F2B4-F3BF-4F7C-9339-F900523FEF03}.Debug|Windows Mobile 5.0 Pocket PC SDK (ARMV4I).ActiveCfg = Debug
		{C0A4F2B4-F3BF-4F7C-9339-F900523FEF03}.Debug|Windows Mobile 5.0 Pocket PC SDK (ARMV4I).Build.0 = Debug
		{C0A4F2B4-F3BF-4F7C-9339-F900523FEF03}.Debug|Windows Mobile 5.0 Smartphone SDK (ARMV4I).ActiveCfg = Debug
		{C0A4F2B4-F3BF-4F7C-9339-F900523FEF03}.Debug|Windows Mobile 5.0 Smartphone SDK (ARMV4I).Build.0 = Debug
		{C0A4F2B4-F3BF-4F7C-9339-F900523FEF03}.Debug|Windows Mobile 6 Professional SDK (ARMV4I).ActiveCfg = Debug
		{C0A4F2B4-F3BF-4F7C-9339-F900523FEF03}.Debug|Windows Mobile 6 Standard SDK (ARMV4I).ActiveCfg = Debug
		{C0A4F2B4-F3BF-4F7C-9339-F900523FEF03}.Debug|Windows Mobile 6 Standard SDK (ARMV4I).Build.0 = Debug
		{C0A4F2B4-F3BF-4F7C-9339-F900523FEF03}.Demo|Any CPU.ActiveCfg = Debug
		{C0A4F2B4-F3BF-4F7C-9339-F900523FEF03}.Demo|Any CPU.Build.0 = Debug
		{C0A4F2B4-F3BF-4F7C-9339-F900523FEF03}.Demo|Mixed Platforms.ActiveCfg = Debug
		{C0A4F2B4-F3BF-4F7C-9339-F900523FEF03}.Demo|Mixed Platforms.Build.0 = Debug
		{C0A4F2B4-F3BF-4F7C-9339-F900523FEF03}.Demo|Windows Mobile 5.0 Pocket PC SDK (ARMV4I).ActiveCfg = Debug
		{C0A4F2B4-F3BF-4F7C-9339-F900523FEF03}.Demo|Windows Mobile 5.0 Pocket PC SDK (ARMV4I).Build.0 = Debug
		{C0A4F2B4-F3BF-4F7C-9339-F900523FEF03}.Demo|Windows Mobile 5.0 Smartphone SDK (ARMV4I).ActiveCfg = Debug
		{C0A4F2B4-F3BF-4F7C-9339-F900523FEF03}.Demo|Windows Mobile 5.0 Smartphone SDK (ARMV4I).Build.0 = Debug
		{C0A4F2B4-F3BF-4F7C-9339-F900523FEF03}.Demo|Windows Mobile 6 Professional SDK (ARMV4I).ActiveCfg = Debug
		{C0A4F2B4-F3BF-4F7C-9339-F900523FEF03}.Demo|Windows Mobile 6 Standard SDK (ARMV4I).ActiveCfg = Debug
		{C0A4F2B4-F3BF-4F7C-9339-F900523FEF03}.Demo|Windows Mobile 6 Standard SDK (ARMV4I).Build.0 = Debug
		{C0A4F2B4-F3BF-4F7C-9339-F900523FEF03}.Marketplace|Any CPU.ActiveCfg = Marketplace
		{C0A4F2B4-F3BF-4F7C-9339-F900523FEF03}.Marketplace|Mixed Platforms.ActiveCfg = Marketplace
		{C0A4F2B4-F3BF-4F7C-9339-F900523FEF03}.Marketplace|Mixed Platforms.Build.0 = Marketplace
		{C0A4F2B4-F3BF-4F7C-9339-F900523FEF03}.Marketplace|Windows Mobile 5.0 Pocket PC SDK (ARMV4I).ActiveCfg = Marketplace
		{C0A4F2B4-F3BF-4F7C-9339-F900523FEF03}.Marketplace|Windows Mobile 5.0 Pocket PC SDK (ARMV4I).Build.0 = Marketplace
		{C0A4F2B4-F3BF-4F7C-9339-F900523FEF03}.Marketplace|Windows Mobile 5.0 Smartphone SDK (ARMV4I).ActiveCfg = Marketplace
		{C0A4F2B4-F3BF-4F7C-9339-F900523FEF03}.Marketplace|Windows Mobile 5.0 Smartphone SDK (ARMV4I).Build.0 = Marketplace
		{C0A4F2B4-F3BF-4F7C-9339-F900523FEF03}.Marketplace|Windows Mobile 6 Professional SDK (ARMV4I).ActiveCfg = Marketplace
		{C0A4F2B4-F3BF-4F7C-9339-F900523FEF03}.Marketplace|Windows Mobile 6 Professional SDK (ARMV4I).Build.0 = Marketplace
		{C0A4F2B4-F3BF-4F7C-9339-F900523FEF03}.Marketplace|Windows Mobile 6 Standard SDK (ARMV4I).ActiveCfg = Marketplace
		{C0A4F2B4-F3BF-4F7C-9339-F900523FEF03}.Marketplace|Windows Mobile 6 Standard SDK (ARMV4I).Build.0 = Marketplace
		{C0A4F2B4-F3BF-4F7C-9339-F900523FEF03}.Release|Any CPU.ActiveCfg = Release
		{C0A4F2B4-F3BF-4F7C-9339-F900523FEF03}.Release|Any CPU.Build.0 = Release
		{C0A4F2B4-F3BF-4F7C-9339-F900523FEF03}.Release|Mixed Platforms.ActiveCfg = Release
		{C0A4F2B4-F3BF-4F7C-9339-F900523FEF03}.Release|Mixed Platforms.Build.0 = Release
		{C0A4F2B4-F3BF-4F7C-9339-F900523FEF03}.Release|Windows Mobile 5.0 Pocket PC SDK (ARMV4I).ActiveCfg = Release
		{C0A4F2B4-F3BF-4F7C-9339-F900523FEF03}.Release|Windows Mobile 5.0 Pocket PC SDK (ARMV4I).Build.0 = Release
		{C0A4F2B4-F3BF-4F7C-9339-F900523FEF03}.Release|Windows Mobile 5.0 Smartphone SDK (ARMV4I).ActiveCfg = Release
		{C0A4F2B4-F3BF-4F7C-9339-F900523FEF03}.Release|Windows Mobile 5.0 Smartphone SDK (ARMV4I).Build.0 = Release
		{C0A4F2B4-F3BF-4F7C-9339-F900523FEF03}.Release|Windows Mobile 6 Professional SDK (ARMV4I).ActiveCfg = Release
		{C0A4F2B4-F3BF-4F7C-9339-F900523FEF03}.Release|Windows Mobile 6 Standard SDK (ARMV4I).ActiveCfg = Release
		{C0A4F2B4-F3BF-4F7C-9339-F900523FEF03}.Release|Windows Mobile 6 Standard SDK (ARMV4I).Build.0 = Release
		{9BA97A80-5BFE-429D-B519-A1C4755B7161}.Debug|Any CPU.ActiveCfg = Debug|Windows Mobile 6 Professional SDK (ARMV4I)
		{9BA97A80-5BFE-429D-B519-A1C4755B7161}.Debug|Mixed Platforms.ActiveCfg = Debug|Windows Mobile 6 Professional SDK (ARMV4I)
		{9BA97A80-5BFE-429D-B519-A1C4755B7161}.Debug|Mixed Platforms.Build.0 = Debug|Windows Mobile 6 Professional SDK (ARMV4I)
		{9BA97A80-5BFE-429D-B519-A1C4755B7161}.Debug|Mixed Platforms.Deploy.0 = Debug|Windows Mobile 6 Professional SDK (ARMV4I)
		{9BA97A80-5BFE-429D-B519-A1C4755B7161}.Debug|Windows Mobile 5.0 Pocket PC SDK (ARMV4I).ActiveCfg = Debug|Windows Mobile 6 Professional SDK (ARMV4I)
		{9BA97A80-5BFE-429D-B519-A1C4755B7161}.Debug|Windows Mobile 5.0 Smartphone SDK (ARMV4I).ActiveCfg = Debug|Windows Mobile 6 Professional SDK (ARMV4I)
		{9BA97A80-5BFE-429D-B519-A1C4755B7161}.Debug|Windows Mobile 6 Professional SDK (ARMV4I).ActiveCfg = Debug|Windows Mobile 6 Professional SDK (ARMV4I)
		{9BA97A80-5BFE-429D-B519-A1C4755B7161}.Debug|Windows Mobile 6 Professional SDK (ARMV4I).Build.0 = Debug|Windows Mobile 6 Professional SDK (ARMV4I)
		{9BA97A80-5BFE-429D-B519-A1C4755B7161}.Debug|Windows Mobile 6 Professional SDK (ARMV4I).Deploy.0 = Debug|Windows Mobile 6 Professional SDK (ARMV4I)
		{9BA97A80-5BFE-429D-B519-A1C4755B7161}.Debug|Windows Mobile 6 Standard SDK (ARMV4I).ActiveCfg = Debug|Windows Mobile 6 Professional SDK (ARMV4I)
		{9BA97A80-5BFE-429D-B519-A1C4755B7161}.Demo|Any CPU.ActiveCfg = Demo|Windows Mobile 6 Professional SDK (ARMV4I)
		{9BA97A80-5BFE-429D-B519-A1C4755B7161}.Demo|Mixed Platforms.ActiveCfg = Demo|Windows Mobile 6 Professional SDK (ARMV4I)
		{9BA97A80-5BFE-429D-B519-A1C4755B7161}.Demo|Mixed Platforms.Build.0 = Demo|Windows Mobile 6 Professional SDK (ARMV4I)
		{9BA97A80-5BFE-429D-B519-A1C4755B7161}.Demo|Mixed Platforms.Deploy.0 = Demo|Windows Mobile 6 Professional SDK (ARMV4I)
		{9BA97A80-5BFE-429D-B519-A1C4755B7161}.Demo|Windows Mobile 5.0 Pocket PC SDK (ARMV4I).ActiveCfg = Demo|Windows Mobile 6 Professional SDK (ARMV4I)
		{9BA97A80-5BFE-429D-B519-A1C4755B7161}.Demo|Windows Mobile 5.0 Smartphone SDK (ARMV4I).ActiveCfg = Demo|Windows Mobile 6 Professional SDK (ARMV4I)
		{9BA97A80-5BFE-429D-B519-A1C4755B7161}.Demo|Windows Mobile 6 Professional SDK (ARMV4I).ActiveCfg = Demo|Windows Mobile 6 Professional SDK (ARMV4I)
		{9BA97A80-5BFE-429D-B519-A1C4755B7161}.Demo|Windows Mobile 6 Professional SDK (ARMV4I).Build.0 = Demo|Windows Mobile 6 Professional SDK (ARMV4I)
		{9BA97A80-5BFE-429D-B519-A1C4755B7161}.Demo|Windows Mobile 6 Professional SDK (ARMV4I).Deploy.0 = Demo|Windows Mobile 6 Professional SDK (ARMV4I)
		{9BA97A80-5BFE-429D-B519-A1C4755B7161}.Demo|Windows Mobile 6 Standard SDK (ARMV4I).ActiveCfg = Demo|Windows Mobile 6 Professional SDK (ARMV4I)
		{9BA97A80-5BFE-429D-B519-A1C4755B7161}.Marketplace|Any CPU.ActiveCfg = Marketplace|Windows Mobile 6 Professional SDK (ARMV4I)
		{9BA97A80-5BFE-429D-B519-A1C4755B7161}.Marketplace|Mixed Platforms.ActiveCfg = Marketplace|Windows Mobile 6 Professional SDK (ARMV4I)
		{9BA97A80-5BFE-429D-B519-A1C4755B7161}.Marketplace|Mixed Platforms.Build.0 = Marketplace|Windows Mobile 6 Professional SDK (ARMV4I)
		{9BA97A80-5BFE-429D-B519-A1C4755B7161}.Marketplace|Mixed Platforms.Deploy.0 = Marketplace|Windows Mobile 6 Professional SDK (ARMV4I)
		{9BA97A80-5BFE-429D-B519-A1C4755B7161}.Marketplace|Windows Mobile 5.0 Pocket PC SDK (ARMV4I).ActiveCfg = Marketplace|Windows Mobile 6 Professional SDK (ARMV4I)
		{9BA97A80-5BFE-429D-B519-A1C4755B7161}.Marketplace|Windows Mobile 5.0 Smartphone SDK (ARMV4I).ActiveCfg = Marketplace|Windows Mobile 6 Professional SDK (ARMV4I)
		{9BA97A80-5BFE-429D-B519-A1C4755B7161}.Marketplace|Windows Mobile 6 Professional SDK (ARMV4I).ActiveCfg = Marketplace|Windows Mobile 6 Professional SDK (ARMV4I)
		{9BA97A80-5BFE-429D-B519-A1C4755B7161}.Marketplace|Windows Mobile 6 Professional SDK (ARMV4I).Build.0 = Marketplace|Windows Mobile 6 Professional SDK (ARMV4I)
		{9BA97A80-5BFE-429D-B519-A1C4755B7161}.Marketplace|Windows Mobile 6 Professional SDK (ARMV4I).Deploy.0 = Marketplace|Windows Mobile 6 Professional SDK (ARMV4I)
		{9BA97A80-5BFE-429D-B519-A1C4755B7161}.Marketplace|Windows Mobile 6 Standard SDK (ARMV4I).ActiveCfg = Marketplace|Windows Mobile 6 Professional SDK (ARMV4I)
		{9BA97A80-5BFE-429D-B519-A1C4755B7161}.Release|Any CPU.ActiveCfg = Release|Windows Mobile 6 Professional SDK (ARMV4I)
		{9BA97A80-5BFE-429D-B519-A1C4755B7161}.Release|Mixed Platforms.ActiveCfg = Release|Windows Mobile 6 Professional SDK (ARMV4I)
		{9BA97A80-5BFE-429D-B519-A1C4755B7161}.Release|Mixed Platforms.Build.0 = Release|Windows Mobile 6 Professional SDK (ARMV4I)
		{9BA97A80-5BFE-429D-B519-A1C4755B7161}.Release|Mixed Platforms.Deploy.0 = Release|Windows Mobile 6 Professional SDK (ARMV4I)
		{9BA97A80-5BFE-429D-B519-A1C4755B7161}.Release|Windows Mobile 5.0 Pocket PC SDK (ARMV4I).ActiveCfg = Release|Windows Mobile 6 Professional SDK (ARMV4I)
		{9BA97A80-5BFE-429D-B519-A1C4755B7161}.Release|Windows Mobile 5.0 Smartphone SDK (ARMV4I).ActiveCfg = Release|Windows Mobile 6 Professional SDK (ARMV4I)
		{9BA97A80-5BFE-429D-B519-A1C4755B7161}.Release|Windows Mobile 6 Professional SDK (ARMV4I).ActiveCfg = Release|Windows Mobile 6 Professional SDK (ARMV4I)
		{9BA97A80-5BFE-429D-B519-A1C4755B7161}.Release|Windows Mobile 6 Professional SDK (ARMV4I).Build.0 = Release|Windows Mobile 6 Professional SDK (ARMV4I)
		{9BA97A80-5BFE-429D-B519-A1C4755B7161}.Release|Windows Mobile 6 Professional SDK (ARMV4I).Deploy.0 = Release|Windows Mobile 6 Professional SDK (ARMV4I)
		{9BA97A80-5BFE-429D-B519-A1C4755B7161}.Release|Windows Mobile 6 Standard SDK (ARMV4I).ActiveCfg = Release|Windows Mobile 6 Professional SDK (ARMV4I)
		{C3288F93-9138-44B1-BB6A-5202B3BE575F}.Debug|Any CPU.ActiveCfg = Debug|Windows Mobile 6 Professional SDK (ARMV4I)
		{C3288F93-9138-44B1-BB6A-5202B3BE575F}.Debug|Mixed Platforms.ActiveCfg = Debug|Windows Mobile 6 Professional SDK (ARMV4I)
		{C3288F93-9138-44B1-BB6A-5202B3BE575F}.Debug|Mixed Platforms.Build.0 = Debug|Windows Mobile 6 Professional SDK (ARMV4I)
		{C3288F93-9138-44B1-BB6A-5202B3BE575F}.Debug|Mixed Platforms.Deploy.0 = Debug|Windows Mobile 6 Professional SDK (ARMV4I)
		{C3288F93-9138-44B1-BB6A-5202B3BE575F}.Debug|Windows Mobile 5.0 Pocket PC SDK (ARMV4I).ActiveCfg = Debug|Windows Mobile 6 Professional SDK (ARMV4I)
		{C3288F93-9138-44B1-BB6A-5202B3BE575F}.Debug|Windows Mobile 5.0 Smartphone SDK (ARMV4I).ActiveCfg = Debug|Windows Mobile 6 Professional SDK (ARMV4I)
		{C3288F93-9138-44B1-BB6A-5202B3BE575F}.Debug|Windows Mobile 6 Professional SDK (ARMV4I).ActiveCfg = Debug|Windows Mobile 6 Professional SDK (ARMV4I)
		{C3288F93-9138-44B1-BB6A-5202B3BE575F}.Debug|Windows Mobile 6 Professional SDK (ARMV4I).Build.0 = Debug|Windows Mobile 6 Professional SDK (ARMV4I)
		{C3288F93-9138-44B1-BB6A-5202B3BE575F}.Debug|Windows Mobile 6 Professional SDK (ARMV4I).Deploy.0 = Debug|Windows Mobile 6 Professional SDK (ARMV4I)
		{C3288F93-9138-44B1-BB6A-5202B3BE575F}.Debug|Windows Mobile 6 Standard SDK (ARMV4I).ActiveCfg = Debug|Windows Mobile 6 Professional SDK (ARMV4I)
		{C3288F93-9138-44B1-BB6A-5202B3BE575F}.Demo|Any CPU.ActiveCfg = Demo|Windows Mobile 6 Professional SDK (ARMV4I)
		{C3288F93-9138-44B1-BB6A-5202B3BE575F}.Demo|Mixed Platforms.ActiveCfg = Demo|Windows Mobile 6 Professional SDK (ARMV4I)
		{C3288F93-9138-44B1-BB6A-5202B3BE575F}.Demo|Mixed Platforms.Build.0 = Demo|Windows Mobile 6 Professional SDK (ARMV4I)
		{C3288F93-9138-44B1-BB6A-5202B3BE575F}.Demo|Mixed Platforms.Deploy.0 = Demo|Windows Mobile 6 Professional SDK (ARMV4I)
		{C3288F93-9138-44B1-BB6A-5202B3BE575F}.Demo|Windows Mobile 5.0 Pocket PC SDK (ARMV4I).ActiveCfg = Demo|Windows Mobile 6 Professional SDK (ARMV4I)
		{C3288F93-9138-44B1-BB6A-5202B3BE575F}.Demo|Windows Mobile 5.0 Smartphone SDK (ARMV4I).ActiveCfg = Demo|Windows Mobile 6 Professional SDK (ARMV4I)
		{C3288F93-9138-44B1-BB6A-5202B3BE575F}.Demo|Windows Mobile 6 Professional SDK (ARMV4I).ActiveCfg = Demo|Windows Mobile 6 Professional SDK (ARMV4I)
		{C3288F93-9138-44B1-BB6A-5202B3BE575F}.Demo|Windows Mobile 6 Professional SDK (ARMV4I).Build.0 = Demo|Windows Mobile 6 Professional SDK (ARMV4I)
		{C3288F93-9138-44B1-BB6A-5202B3BE575F}.Demo|Windows Mobile 6 Professional SDK (ARMV4I).Deploy.0 = Demo|Windows Mobile 6 Professional SDK (ARMV4I)
		{C3288F93-9138-44B1-BB6A-5202B3BE575F}.Demo|Windows Mobile 6 Standard SDK (ARMV4I).ActiveCfg = Demo|Windows Mobile 6 Professional SDK (ARMV4I)
		{C3288F93-9138-44B1-BB6A-5202B3BE575F}.Marketplace|Any CPU.ActiveCfg = Marketplace|Windows Mobile 6 Professional SDK (ARMV4I)
		{C3288F93-9138-44B1-BB6A-5202B3BE575F}.Marketplace|Mixed Platforms.ActiveCfg = Marketplace|Windows Mobile 6 Professional SDK (ARMV4I)
		{C3288F93-9138-44B1-BB6A-5202B3BE575F}.Marketplace|Mixed Platforms.Build.0 = Marketplace|Windows Mobile 6 Professional SDK (ARMV4I)
		{C3288F93-9138-44B1-BB6A-5202B3BE575F}.Marketplace|Mixed Platforms.Deploy.0 = Marketplace|Windows Mobile 6 Professional SDK (ARMV4I)
		{C3288F93-9138-44B1-BB6A-5202B3BE575F}.Marketplace|Windows Mobile 5.0 Pocket PC SDK (ARMV4I).ActiveCfg = Marketplace|Windows Mobile 6 Professional SDK (ARMV4I)
		{C3288F93-9138-44B1-BB6A-5202B3BE575F}.Marketplace|Windows Mobile 5.0 Smartphone SDK (ARMV4I).ActiveCfg = Marketplace|Windows Mobile 6 Professional SDK (ARMV4I)
		{C3288F93-9138-44B1-BB6A-5202B3BE575F}.Marketplace|Windows Mobile 6 Professional SDK (ARMV4I).ActiveCfg = Marketplace|Windows Mobile 6 Professional SDK (ARMV4I)
		{C3288F93-9138-44B1-BB6A-5202B3BE575F}.Marketplace|Windows Mobile 6 Professional SDK (ARMV4I).Build.0 = Marketplace|Windows Mobile 6 Professional SDK (ARMV4I)
		{C3288F93-9138-44B1-BB6A-5202B3BE575F}.Marketplace|Windows Mobile 6 Professional SDK (ARMV4I).Deploy.0 = Marketplace|Windows Mobile 6 Professional SDK (ARMV4I)
		{C3288F93-9138-44B1-BB6A-5202B3BE575F}.Marketplace|Windows Mobile 6 Standard SDK (ARMV4I).ActiveCfg = Marketplace|Windows Mobile 6 Professional SDK (ARMV4I)
		{C3288F93-9138-44B1-BB6A-5202B3BE575F}.Release|Any CPU.ActiveCfg = Release|Windows Mobile 6 Professional SDK (ARMV4I)
		{C3288F93-9138-44B1-BB6A-5202B3BE575F}.Release|Mixed Platforms.ActiveCfg = Release|Windows Mobile 6 Professional SDK (ARMV4I)
		{C3288F93-9138-44B1-BB6A-5202B3BE575F}.Release|Mixed Platforms.Build.0 = Release|Windows Mobile 6 Professional SDK (ARMV4I)
		{C3288F93-9138-44B1-BB6A-5202B3BE575F}.Release|Mixed Platforms.Deploy.0 = Release|Windows Mobile 6 Professional SDK (ARMV4I)
		{C3288F93-9138-44B1-BB6A-5202B3BE575F}.Release|Windows Mobile 5.0 Pocket PC SDK (ARMV4I).ActiveCfg = Release|Windows Mobile 6 Professional SDK (ARMV4I)
		{C3288F93-9138-44B1-BB6A-5202B3BE575F}.Release|Windows Mobile 5.0 Smartphone SDK (ARMV4I).ActiveCfg = Release|Windows Mobile 6 Professional SDK (ARMV4I)
		{C3288F93-9138-44B1-BB6A-5202B3BE575F}.Release|Windows Mobile 6 Professional SDK (ARMV4I).ActiveCfg = Release|Windows Mobile 6 Professional SDK (ARMV4I)
		{C3288F93-9138-44B1-BB6A-5202B3BE575F}.Release|Windows Mobile 6 Professional SDK (ARMV4I).Build.0 = Release|Windows Mobile 6 Professional SDK (ARMV4I)
		{C3288F93-9138-44B1-BB6A-5202B3BE575F}.Release|Windows Mobile 6 Professional SDK (ARMV4I).Deploy.0 = Release|Windows Mobile 6 Professional SDK (ARMV4I)
		{C3288F93-9138-44B1-BB6A-5202B3BE575F}.Release|Windows Mobile 6 Standard SDK (ARMV4I).ActiveCfg = Release|Windows Mobile 6 Professional SDK (ARMV4I)
		{AD3D41CF-4A41-440B-9990-DB78D040667C}.Debug|Any CPU.ActiveCfg = Debug|Windows Mobile 6 Professional SDK (ARMV4I)
		{AD3D41CF-4A41-440B-9990-DB78D040667C}.Debug|Mixed Platforms.ActiveCfg = Debug|Windows Mobile 6 Professional SDK (ARMV4I)
		{AD3D41CF-4A41-440B-9990-DB78D040667C}.Debug|Mixed Platforms.Build.0 = Debug|Windows Mobile 6 Professional SDK (ARMV4I)
		{AD3D41CF-4A41-440B-9990-DB78D040667C}.Debug|Mixed Platforms.Deploy.0 = Debug|Windows Mobile 6 Professional SDK (ARMV4I)
		{AD3D41CF-4A41-440B-9990-DB78D040667C}.Debug|Windows Mobile 5.0 Pocket PC SDK (ARMV4I).ActiveCfg = Debug|Windows Mobile 6 Professional SDK (ARMV4I)
		{AD3D41CF-4A41-440B-9990-DB78D040667C}.Debug|Windows Mobile 5.0 Smartphone SDK (ARMV4I).ActiveCfg = Debug|Windows Mobile 6 Professional SDK (ARMV4I)
		{AD3D41CF-4A41-440B-9990-DB78D040667C}.Debug|Windows Mobile 6 Professional SDK (ARMV4I).ActiveCfg = Debug|Windows Mobile 6 Professional SDK (ARMV4I)
		{AD3D41CF-4A41-440B-9990-DB78D040667C}.Debug|Windows Mobile 6 Professional SDK (ARMV4I).Build.0 = Debug|Windows Mobile 6 Professional SDK (ARMV4I)
		{AD3D41CF-4A41-440B-9990-DB78D040667C}.Debug|Windows Mobile 6 Professional SDK (ARMV4I).Deploy.0 = Debug|Windows Mobile 6 Professional SDK (ARMV4I)
		{AD3D41CF-4A41-440B-9990-DB78D040667C}.Debug|Windows Mobile 6 Standard SDK (ARMV4I).ActiveCfg = Debug|Windows Mobile 6 Professional SDK (ARMV4I)
		{AD3D41CF-4A41-440B-9990-DB78D040667C}.Demo|Any CPU.ActiveCfg = Debug|Windows Mobile 6 Professional SDK (ARMV4I)
		{AD3D41CF-4A41-440B-9990-DB78D040667C}.Demo|Mixed Platforms.ActiveCfg = Debug|Windows Mobile 6 Professional SDK (ARMV4I)
		{AD3D41CF-4A41-440B-9990-DB78D040667C}.Demo|Mixed Platforms.Build.0 = Debug|Windows Mobile 6 Professional SDK (ARMV4I)
		{AD3D41CF-4A41-440B-9990-DB78D040667C}.Demo|Mixed Platforms.Deploy.0 = Debug|Windows Mobile 6 Professional SDK (ARMV4I)
		{AD3D41CF-4A41-440B-9990-DB78D040667C}.Demo|Windows Mobile 5.0 Pocket PC SDK (ARMV4I).ActiveCfg = Debug|Windows Mobile 6 Professional SDK (ARMV4I)
		{AD3D41CF-4A41-440B-9990-DB78D040667C}.Demo|Windows Mobile 5.0 Smartphone SDK (ARMV4I).ActiveCfg = Debug|Windows Mobile 6 Professional SDK (ARMV4I)
		{AD3D41CF-4A41-440B-9990-DB78D040667C}.Demo|Windows Mobile 6 Professional SDK (ARMV4I).ActiveCfg = Debug|Windows Mobile 6 Professional SDK (ARMV4I)
		{AD3D41CF-4A41-440B-9990-DB78D040667C}.Demo|Windows Mobile 6 Professional SDK (ARMV4I).Build.0 = Debug|Windows Mobile 6 Professional SDK (ARMV4I)
		{AD3D41CF-4A41-440B-9990-DB78D040667C}.Demo|Windows Mobile 6 Professional SDK (ARMV4I).Deploy.0 = Debug|Windows Mobile 6 Professional SDK (ARMV4I)
		{AD3D41CF-4A41-440B-9990-DB78D040667C}.Demo|Windows Mobile 6 Standard SDK (ARMV4I).ActiveCfg = Debug|Windows Mobile 6 Professional SDK (ARMV4I)
		{AD3D41CF-4A41-440B-9990-DB78D040667C}.Marketplace|Any CPU.ActiveCfg = Marketplace|Windows Mobile 6 Professional SDK (ARMV4I)
		{AD3D41CF-4A41-440B-9990-DB78D040667C}.Marketplace|Mixed Platforms.ActiveCfg = Marketplace|Windows Mobile 6 Professional SDK (ARMV4I)
		{AD3D41CF-4A41-440B-9990-DB78D040667C}.Marketplace|Mixed Platforms.Build.0 = Marketplace|Windows Mobile 6 Professional SDK (ARMV4I)
		{AD3D41CF-4A41-440B-9990-DB78D040667C}.Marketplace|Mixed Platforms.Deploy.0 = Marketplace|Windows Mobile 6 Professional SDK (ARMV4I)
		{AD3D41CF-4A41-440B-9990-DB78D040667C}.Marketplace|Windows Mobile 5.0 Pocket PC SDK (ARMV4I).ActiveCfg = Marketplace|Windows Mobile 6 Professional SDK (ARMV4I)
		{AD3D41CF-4A41-440B-9990-DB78D040667C}.Marketplace|Windows Mobile 5.0 Smartphone SDK (ARMV4I).ActiveCfg = Marketplace|Windows Mobile 6 Professional SDK (ARMV4I)
		{AD3D41CF-4A41-440B-9990-DB78D040667C}.Marketplace|Windows Mobile 6 Professional SDK (ARMV4I).ActiveCfg = Marketplace|Windows Mobile 6 Professional SDK (ARMV4I)
		{AD3D41CF-4A41-440B-9990-DB78D040667C}.Marketplace|Windows Mobile 6 Professional SDK (ARMV4I).Build.0 = Marketplace|Windows Mobile 6 Professional SDK (ARMV4I)
		{AD3D41CF-4A41-440B-9990-DB78D040667C}.Marketplace|Windows Mobile 6 Professional SDK (ARMV4I).Deploy.0 = Marketplace|Windows Mobile 6 Professional SDK (ARMV4I)
		{AD3D41CF-4A41-440B-9990-DB78D040667C}.Marketplace|Windows Mobile 6 Standard SDK (ARMV4I).ActiveCfg = Marketplace|Windows Mobile 6 Professional SDK (ARMV4I)
		{AD3D41CF-4A41-440B-9990-DB78D040667C}.Release|Any CPU.ActiveCfg = Release|Windows Mobile 6 Professional SDK (ARMV4I)
		{AD3D41CF-4A41-440B-9990-DB78D040667C}.Release|Mixed Platforms.ActiveCfg = Release|Windows Mobile 6 Professional SDK (ARMV4I)
		{AD3D41CF-4A41-440B-9990-DB78D040667C}.Release|Mixed Platforms.Build.0 = Release|Windows Mobile 6 Professional SDK (ARMV4I)
		{AD3D41CF-4A41-440B-9990-DB78D040667C}.Release|Mixed Platforms.Deploy.0 = Release|Windows Mobile 6 Professional SDK (ARMV4I)
		{AD3D41CF-4A41-440B-9990-DB78D040667C}.Release|Windows Mobile 5.0 Pocket PC SDK (ARMV4I).ActiveCfg = Release|Windows Mobile 6 Professional SDK (ARMV4I)
		{AD3D41CF-4A41-440B-9990-DB78D040667C}.Release|Windows Mobile 5.0 Smartphone SDK (ARMV4I).ActiveCfg = Release|Windows Mobile 6 Professional SDK (ARMV4I)
		{AD3D41CF-4A41-440B-9990-DB78D040667C}.Release|Windows Mobile 6 Professional SDK (ARMV4I).ActiveCfg = Release|Windows Mobile 6 Professional SDK (ARMV4I)
		{AD3D41CF-4A41-440B-9990-DB78D040667C}.Release|Windows Mobile 6 Professional SDK (ARMV4I).Build.0 = Release|Windows Mobile 6 Professional SDK (ARMV4I)
		{AD3D41CF-4A41-440B-9990-DB78D040667C}.Release|Windows Mobile 6 Professional SDK (ARMV4I).Deploy.0 = Release|Windows Mobile 6 Professional SDK (ARMV4I)
		{AD3D41CF-4A41-440B-9990-DB78D040667C}.Release|Windows Mobile 6 Standard SDK (ARMV4I).ActiveCfg = Release|Windows Mobile 6 Professional SDK (ARMV4I)
		{9359E325-B6B9-49C8-BB88-EA66574F3584}.Debug|Any CPU.ActiveCfg = Debug|Windows Mobile 6 Standard SDK (ARMV4I)
		{9359E325-B6B9-49C8-BB88-EA66574F3584}.Debug|Mixed Platforms.ActiveCfg = Debug|Windows Mobile 6 Standard SDK (ARMV4I)
		{9359E325-B6B9-49C8-BB88-EA66574F3584}.Debug|Mixed Platforms.Build.0 = Debug|Windows Mobile 6 Standard SDK (ARMV4I)
		{9359E325-B6B9-49C8-BB88-EA66574F3584}.Debug|Mixed Platforms.Deploy.0 = Debug|Windows Mobile 6 Standard SDK (ARMV4I)
		{9359E325-B6B9-49C8-BB88-EA66574F3584}.Debug|Windows Mobile 5.0 Pocket PC SDK (ARMV4I).ActiveCfg = Debug|Windows Mobile 5.0 Pocket PC SDK (ARMV4I)
		{9359E325-B6B9-49C8-BB88-EA66574F3584}.Debug|Windows Mobile 5.0 Pocket PC SDK (ARMV4I).Build.0 = Debug|Windows Mobile 5.0 Pocket PC SDK (ARMV4I)
		{9359E325-B6B9-49C8-BB88-EA66574F3584}.Debug|Windows Mobile 5.0 Pocket PC SDK (ARMV4I).Deploy.0 = Debug|Windows Mobile 5.0 Pocket PC SDK (ARMV4I)
		{9359E325-B6B9-49C8-BB88-EA66574F3584}.Debug|Windows Mobile 5.0 Smartphone SDK (ARMV4I).ActiveCfg = Debug|Windows Mobile 5.0 Smartphone SDK (ARMV4I)
		{9359E325-B6B9-49C8-BB88-EA66574F3584}.Debug|Windows Mobile 5.0 Smartphone SDK (ARMV4I).Build.0 = Debug|Windows Mobile 5.0 Smartphone SDK (ARMV4I)
		{9359E325-B6B9-49C8-BB88-EA66574F3584}.Debug|Windows Mobile 5.0 Smartphone SDK (ARMV4I).Deploy.0 = Debug|Windows Mobile 5.0 Smartphone SDK (ARMV4I)
		{9359E325-B6B9-49C8-BB88-EA66574F3584}.Debug|Windows Mobile 6 Professional SDK (ARMV4I).ActiveCfg = Debug|Windows Mobile 6 Professional SDK (ARMV4I)
		{9359E325-B6B9-49C8-BB88-EA66574F3584}.Debug|Windows Mobile 6 Professional SDK (ARMV4I).Build.0 = Debug|Windows Mobile 6 Professional SDK (ARMV4I)
		{9359E325-B6B9-49C8-BB88-EA66574F3584}.Debug|Windows Mobile 6 Professional SDK (ARMV4I).Deploy.0 = Debug|Windows Mobile 6 Professional SDK (ARMV4I)
		{9359E325-B6B9-49C8-BB88-EA66574F3584}.Debug|Windows Mobile 6 Standard SDK (ARMV4I).ActiveCfg = Debug|Windows Mobile 6 Standard SDK (ARMV4I)
		{9359E325-B6B9-49C8-BB88-EA66574F3584}.Debug|Windows Mobile 6 Standard SDK (ARMV4I).Build.0 = Debug|Windows Mobile 6 Standard SDK (ARMV4I)
		{9359E325-B6B9-49C8-BB88-EA66574F3584}.Debug|Windows Mobile 6 Standard SDK (ARMV4I).Deploy.0 = Debug|Windows Mobile 6 Standard SDK (ARMV4I)
		{9359E325-B6B9-49C8-BB88-EA66574F3584}.Demo|Any CPU.ActiveCfg = Debug|Windows Mobile 6 Standard SDK (ARMV4I)
		{9359E325-B6B9-49C8-BB88-EA66574F3584}.Demo|Mixed Platforms.ActiveCfg = Debug|Windows Mobile 6 Standard SDK (ARMV4I)
		{9359E325-B6B9-49C8-BB88-EA66574F3584}.Demo|Mixed Platforms.Build.0 = Debug|Windows Mobile 6 Standard SDK (ARMV4I)
		{9359E325-B6B9-49C8-BB88-EA66574F3584}.Demo|Mixed Platforms.Deploy.0 = Debug|Windows Mobile 6 Standard SDK (ARMV4I)
		{9359E325-B6B9-49C8-BB88-EA66574F3584}.Demo|Windows Mobile 5.0 Pocket PC SDK (ARMV4I).ActiveCfg = Debug|Windows Mobile 6 Standard SDK (ARMV4I)
		{9359E325-B6B9-49C8-BB88-EA66574F3584}.Demo|Windows Mobile 5.0 Smartphone SDK (ARMV4I).ActiveCfg = Debug|Windows Mobile 6 Standard SDK (ARMV4I)
		{9359E325-B6B9-49C8-BB88-EA66574F3584}.Demo|Windows Mobile 6 Professional SDK (ARMV4I).ActiveCfg = Debug|Windows Mobile 6 Standard SDK (ARMV4I)
		{9359E325-B6B9-49C8-BB88-EA66574F3584}.Demo|Windows Mobile 6 Standard SDK (ARMV4I).ActiveCfg = Debug|Windows Mobile 6 Standard SDK (ARMV4I)
		{9359E325-B6B9-49C8-BB88-EA66574F3584}.Demo|Windows Mobile 6 Standard SDK (ARMV4I).Build.0 = Debug|Windows Mobile 6 Standard SDK (ARMV4I)
		{9359E325-B6B9-49C8-BB88-EA66574F3584}.Demo|Windows Mobile 6 Standard SDK (ARMV4I).Deploy.0 = Debug|Windows Mobile 6 Standard SDK (ARMV4I)
		{9359E325-B6B9-49C8-BB88-EA66574F3584}.Marketplace|Any CPU.ActiveCfg = Marketplace|Windows Mobile 6 Standard SDK (ARMV4I)
		{9359E325-B6B9-49C8-BB88-EA66574F3584}.Marketplace|Mixed Platforms.ActiveCfg = Marketplace|Windows Mobile 6 Standard SDK (ARMV4I)
		{9359E325-B6B9-49C8-BB88-EA66574F3584}.Marketplace|Mixed Platforms.Build.0 = Marketplace|Windows Mobile 6 Standard SDK (ARMV4I)
		{9359E325-B6B9-49C8-BB88-EA66574F3584}.Marketplace|Mixed Platforms.Deploy.0 = Marketplace|Windows Mobile 6 Standard SDK (ARMV4I)
		{9359E325-B6B9-49C8-BB88-EA66574F3584}.Marketplace|Windows Mobile 5.0 Pocket PC SDK (ARMV4I).ActiveCfg = Marketplace|Windows Mobile 5.0 Pocket PC SDK (ARMV4I)
		{9359E325-B6B9-49C8-BB88-EA66574F3584}.Marketplace|Windows Mobile 5.0 Pocket PC SDK (ARMV4I).Build.0 = Marketplace|Windows Mobile 5.0 Pocket PC SDK (ARMV4I)
		{9359E325-B6B9-49C8-BB88-EA66574F3584}.Marketplace|Windows Mobile 5.0 Pocket PC SDK (ARMV4I).Deploy.0 = Marketplace|Windows Mobile 5.0 Pocket PC SDK (ARMV4I)
		{9359E325-B6B9-49C8-BB88-EA66574F3584}.Marketplace|Windows Mobile 5.0 Smartphone SDK (ARMV4I).ActiveCfg = Marketplace|Windows Mobile 5.0 Smartphone SDK (ARMV4I)
		{9359E325-B6B9-49C8-BB88-EA66574F3584}.Marketplace|Windows Mobile 5.0 Smartphone SDK (ARMV4I).Build.0 = Marketplace|Windows Mobile 5.0 Smartphone SDK (ARMV4I)
		{9359E325-B6B9-49C8-BB88-EA66574F3584}.Marketplace|Windows Mobile 5.0 Smartphone SDK (ARMV4I).Deploy.0 = Marketplace|Windows Mobile 5.0 Smartphone SDK (ARMV4I)
		{9359E325-B6B9-49C8-BB88-EA66574F3584}.Marketplace|Windows Mobile 6 Professional SDK (ARMV4I).ActiveCfg = Marketplace|Windows Mobile 6 Professional SDK (ARMV4I)
		{9359E325-B6B9-49C8-BB88-EA66574F3584}.Marketplace|Windows Mobile 6 Professional SDK (ARMV4I).Build.0 = Marketplace|Windows Mobile 6 Professional SDK (ARMV4I)
		{9359E325-B6B9-49C8-BB88-EA66574F3584}.Marketplace|Windows Mobile 6 Professional SDK (ARMV4I).Deploy.0 = Marketplace|Windows Mobile 6 Professional SDK (ARMV4I)
		{9359E325-B6B9-49C8-BB88-EA66574F3584}.Marketplace|Windows Mobile 6 Standard SDK (ARMV4I).ActiveCfg = Marketplace|Windows Mobile 6 Standard SDK (ARMV4I)
		{9359E325-B6B9-49C8-BB88-EA66574F3584}.Marketplace|Windows Mobile 6 Standard SDK (ARMV4I).Build.0 = Marketplace|Windows Mobile 6 Standard SDK (ARMV4I)
		{9359E325-B6B9-49C8-BB88-EA66574F3584}.Marketplace|Windows Mobile 6 Standard SDK (ARMV4I).Deploy.0 = Marketplace|Windows Mobile 6 Standard SDK (ARMV4I)
		{9359E325-B6B9-49C8-BB88-EA66574F3584}.Release|Any CPU.ActiveCfg = Release|Windows Mobile 6 Standard SDK (ARMV4I)
		{9359E325-B6B9-49C8-BB88-EA66574F3584}.Release|Mixed Platforms.ActiveCfg = Release|Windows Mobile 6 Standard SDK (ARMV4I)
		{9359E325-B6B9-49C8-BB88-EA66574F3584}.Release|Mixed Platforms.Build.0 = Release|Windows Mobile 6 Standard SDK (ARMV4I)
		{9359E325-B6B9-49C8-BB88-EA66574F3584}.Release|Mixed Platforms.Deploy.0 = Release|Windows Mobile 6 Standard SDK (ARMV4I)
		{9359E325-B6B9-49C8-BB88-EA66574F3584}.Release|Windows Mobile 5.0 Pocket PC SDK (ARMV4I).ActiveCfg = Release|Windows Mobile 5.0 Pocket PC SDK (ARMV4I)
		{9359E325-B6B9-49C8-BB88-EA66574F3584}.Release|Windows Mobile 5.0 Pocket PC SDK (ARMV4I).Build.0 = Release|Windows Mobile 5.0 Pocket PC SDK (ARMV4I)
		{9359E325-B6B9-49C8-BB88-EA66574F3584}.Release|Windows Mobile 5.0 Pocket PC SDK (ARMV4I).Deploy.0 = Release|Windows Mobile 5.0 Pocket PC SDK (ARMV4I)
		{9359E325-B6B9-49C8-BB88-EA66574F3584}.Release|Windows Mobile 5.0 Smartphone SDK (ARMV4I).ActiveCfg = Release|Windows Mobile 5.0 Smartphone SDK (ARMV4I)
		{9359E325-B6B9-49C8-BB88-EA66574F3584}.Release|Windows Mobile 5.0 Smartphone SDK (ARMV4I).Build.0 = Release|Windows Mobile 5.0 Smartphone SDK (ARMV4I)
		{9359E325-B6B9-49C8-BB88-EA66574F3584}.Release|Windows Mobile 5.0 Smartphone SDK (ARMV4I).Deploy.0 = Release|Windows Mobile 5.0 Smartphone SDK (ARMV4I)
		{9359E325-B6B9-49C8-BB88-EA66574F3584}.Release|Windows Mobile 6 Professional SDK (ARMV4I).ActiveCfg = Release|Windows Mobile 6 Professional SDK (ARMV4I)
		{9359E325-B6B9-49C8-BB88-EA66574F3584}.Release|Windows Mobile 6 Professional SDK (ARMV4I).Build.0 = Release|Windows Mobile 6 Professional SDK (ARMV4I)
		{9359E325-B6B9-49C8-BB88-EA66574F3584}.Release|Windows Mobile 6 Professional SDK (ARMV4I).Deploy.0 = Release|Windows Mobile 6 Professional SDK (ARMV4I)
		{9359E325-B6B9-49C8-BB88-EA66574F3584}.Release|Windows Mobile 6 Standard SDK (ARMV4I).ActiveCfg = Release|Windows Mobile 6 Standard SDK (ARMV4I)
		{9359E325-B6B9-49C8-BB88-EA66574F3584}.Release|Windows Mobile 6 Standard SDK (ARMV4I).Build.0 = Release|Windows Mobile 6 Standard SDK (ARMV4I)
		{9359E325-B6B9-49C8-BB88-EA66574F3584}.Release|Windows Mobile 6 Standard SDK (ARMV4I).Deploy.0 = Release|Windows Mobile 6 Standard SDK (ARMV4I)
	EndGlobalSection
	GlobalSection(SolutionProperties) = preSolution
		HideSolutionNode = FALSE
	EndGlobalSection
EndGlobal
